// !$*UTF8*$!
{
	archiveVersion = 1;
	classes = {
	};
	objectVersion = 56;
	objects = {

/* Begin PBXBuildFile section */
		AF9C0F662C9DB5B7008187EC /* Localizable.xcstrings in Resources */ = {isa = PBXBuildFile; fileRef = AF9C0F652C9DB5B7008187EC /* Localizable.xcstrings */; };
		AF9C0FDA2CA1E5F3008187EC /* FontStyle.swift in Sources */ = {isa = PBXBuildFile; fileRef = AF9C0FD62CA1E5F3008187EC /* FontStyle.swift */; };
		AF9C0FDC2CA1E5F3008187EC /* setDynamicFont.swift in Sources */ = {isa = PBXBuildFile; fileRef = AF9C0FD72CA1E5F3008187EC /* setDynamicFont.swift */; };
		AF9C0FDD2CA1E5F3008187EC /* TextComponent.swift in Sources */ = {isa = PBXBuildFile; fileRef = AF9C0FD82CA1E5F3008187EC /* TextComponent.swift */; };
		AFC683B72CA48B7900389DD8 /* LiturgiaDiariaAPI.swift in Sources */ = {isa = PBXBuildFile; fileRef = AFC683B62CA48B7900389DD8 /* LiturgiaDiariaAPI.swift */; };
		AFC862112CA32A7100167ECB /* ButtonComponent.swift in Sources */ = {isa = PBXBuildFile; fileRef = AFC862102CA32A7100167ECB /* ButtonComponent.swift */; };
		B82FA28D2CAF254800FF5269 /* Prayers.JSON in Sources */ = {isa = PBXBuildFile; fileRef = B82FA28C2CAF254800FF5269 /* Prayers.JSON */; };
		B84DEA082CA48F900010CEBC /* SinViewModel.swift in Sources */ = {isa = PBXBuildFile; fileRef = B84DEA072CA48F900010CEBC /* SinViewModel.swift */; };
		B8783F822C99F32E00661148 /* CoordinatorProtocol.swift in Sources */ = {isa = PBXBuildFile; fileRef = B8783F812C99F32E00661148 /* CoordinatorProtocol.swift */; };
		B8783F842C99F43800661148 /* ViewModel.swift in Sources */ = {isa = PBXBuildFile; fileRef = B8783F832C99F43300661148 /* ViewModel.swift */; };
		B8783F862C99F44200661148 /* DataManager.swift in Sources */ = {isa = PBXBuildFile; fileRef = B8783F852C99F44200661148 /* DataManager.swift */; };
		B8783F8A2C99F58600661148 /* Model.swift in Sources */ = {isa = PBXBuildFile; fileRef = B8783F892C99F58600661148 /* Model.swift */; };
		B8783F902C99F63A00661148 /* DataModel.xcdatamodeld in Sources */ = {isa = PBXBuildFile; fileRef = B8783F8E2C99F63A00661148 /* DataModel.xcdatamodeld */; };
		B8E9CC192CA1F1FE00B21598 /* SpiritualPreparation.swift in Sources */ = {isa = PBXBuildFile; fileRef = B8E9CC182CA1F1FE00B21598 /* SpiritualPreparation.swift */; };
		B8F8DD012C8B8EB500D24769 /* AppDelegate.swift in Sources */ = {isa = PBXBuildFile; fileRef = B8F8DD002C8B8EB500D24769 /* AppDelegate.swift */; };
		B8F8DD032C8B8EB500D24769 /* SceneDelegate.swift in Sources */ = {isa = PBXBuildFile; fileRef = B8F8DD022C8B8EB500D24769 /* SceneDelegate.swift */; };
		B8F8DD0A2C8B8EB600D24769 /* Assets.xcassets in Resources */ = {isa = PBXBuildFile; fileRef = B8F8DD092C8B8EB600D24769 /* Assets.xcassets */; };
		B8F8DD0D2C8B8EB600D24769 /* Base in Resources */ = {isa = PBXBuildFile; fileRef = B8F8DD0C2C8B8EB600D24769 /* Base */; };
		B8F8DD182C8B8EB600D24769 /* Macro02Tests.swift in Sources */ = {isa = PBXBuildFile; fileRef = B8F8DD172C8B8EB600D24769 /* Macro02Tests.swift */; };
		B8F8DD222C8B8EB600D24769 /* Macro02UITests.swift in Sources */ = {isa = PBXBuildFile; fileRef = B8F8DD212C8B8EB600D24769 /* Macro02UITests.swift */; };
		B8F8DD242C8B8EB600D24769 /* Macro02UITestsLaunchTests.swift in Sources */ = {isa = PBXBuildFile; fileRef = B8F8DD232C8B8EB600D24769 /* Macro02UITestsLaunchTests.swift */; };
		F1EDE14A2C9CD045007A6403 /* CounsciousnessExamCoordinator.swift in Sources */ = {isa = PBXBuildFile; fileRef = F1EDE1492C9CD043007A6403 /* CounsciousnessExamCoordinator.swift */; };
		F1EDE14E2C9CD0D2007A6403 /* ConsciousnessExamViewController.swift in Sources */ = {isa = PBXBuildFile; fileRef = F1EDE14D2C9CD0D2007A6403 /* ConsciousnessExamViewController.swift */; };
		F1EDE1502C9CD126007A6403 /* ConsciousnessExamViewModel.swift in Sources */ = {isa = PBXBuildFile; fileRef = F1EDE14F2C9CD120007A6403 /* ConsciousnessExamViewModel.swift */; };
		F1EDE1522C9DFE9B007A6403 /* PrayersCoordinator.swift in Sources */ = {isa = PBXBuildFile; fileRef = F1EDE1512C9DFE95007A6403 /* PrayersCoordinator.swift */; };
		F1EDE1542C9E04AE007A6403 /* PrayersCategoryViewController.swift in Sources */ = {isa = PBXBuildFile; fileRef = F1EDE1532C9E04AE007A6403 /* PrayersCategoryViewController.swift */; };
		F1EDE1562C9E04CB007A6403 /* PrayersViewModel.swift in Sources */ = {isa = PBXBuildFile; fileRef = F1EDE1552C9E04CB007A6403 /* PrayersViewModel.swift */; };
		F1EDE1582C9E0FCC007A6403 /* PrayersDetailViewController.swift in Sources */ = {isa = PBXBuildFile; fileRef = F1EDE1572C9E0FCC007A6403 /* PrayersDetailViewController.swift */; };
		F1EDE15A2C9E156A007A6403 /* Prayer.swift in Sources */ = {isa = PBXBuildFile; fileRef = F1EDE1592C9E156A007A6403 /* Prayer.swift */; };
		F1EDE15C2C9E2F64007A6403 /* FullPrayerViewController.swift in Sources */ = {isa = PBXBuildFile; fileRef = F1EDE15B2C9E2F64007A6403 /* FullPrayerViewController.swift */; };
		F1EDE15E2C9E4105007A6403 /* PrayerOptionsModalViewController.swift in Sources */ = {isa = PBXBuildFile; fileRef = F1EDE15D2C9E4105007A6403 /* PrayerOptionsModalViewController.swift */; };
		F1EDE1632CA20543007A6403 /* MyConfessionViewController.swift in Sources */ = {isa = PBXBuildFile; fileRef = F1EDE1622CA20543007A6403 /* MyConfessionViewController.swift */; };
		F1F6BE432C99FDD700F4C7FF /* ApplicationCoordinator.swift in Sources */ = {isa = PBXBuildFile; fileRef = F1F6BE422C99FDCC00F4C7FF /* ApplicationCoordinator.swift */; };
		F1F6BE572C9A078B00F4C7FF /* HomeViewController.swift in Sources */ = {isa = PBXBuildFile; fileRef = F1F6BE562C9A078200F4C7FF /* HomeViewController.swift */; };
		F1F6BE5C2C9A0C4100F4C7FF /* HomeViewModel.swift in Sources */ = {isa = PBXBuildFile; fileRef = F1F6BE5B2C9A0C4100F4C7FF /* HomeViewModel.swift */; };
		F1F6BE612C9B5AC200F4C7FF /* ConfessionAuthViewController.swift in Sources */ = {isa = PBXBuildFile; fileRef = F1F6BE602C9B5AC200F4C7FF /* ConfessionAuthViewController.swift */; };
		F1F6BE632C9B5C9F00F4C7FF /* DailyLiturgyViewController.swift in Sources */ = {isa = PBXBuildFile; fileRef = F1F6BE622C9B5C9F00F4C7FF /* DailyLiturgyViewController.swift */; };
		F1F6BE652C9B5DE600F4C7FF /* BibleViewController.swift in Sources */ = {isa = PBXBuildFile; fileRef = F1F6BE642C9B5DE600F4C7FF /* BibleViewController.swift */; };
		F1F6BE672C9B5E0500F4C7FF /* AboutViewController.swift in Sources */ = {isa = PBXBuildFile; fileRef = F1F6BE662C9B5E0500F4C7FF /* AboutViewController.swift */; };
		F1F6BE6A2C9B60DD00F4C7FF /* HomeCoordinator.swift in Sources */ = {isa = PBXBuildFile; fileRef = F1F6BE692C9B60D500F4C7FF /* HomeCoordinator.swift */; };
		F1F6BE6C2C9B62B200F4C7FF /* ConfessionCoordinator.swift in Sources */ = {isa = PBXBuildFile; fileRef = F1F6BE6B2C9B627B00F4C7FF /* ConfessionCoordinator.swift */; };
		F1F6BE6E2C9B62E900F4C7FF /* DailyLiturgyCoordinator.swift in Sources */ = {isa = PBXBuildFile; fileRef = F1F6BE6D2C9B62E900F4C7FF /* DailyLiturgyCoordinator.swift */; };
		F1F6BE702C9B630200F4C7FF /* BibleCoordinator.swift in Sources */ = {isa = PBXBuildFile; fileRef = F1F6BE6F2C9B62FE00F4C7FF /* BibleCoordinator.swift */; };
		F1F6BE722C9B631C00F4C7FF /* AboutCoordinator.swift in Sources */ = {isa = PBXBuildFile; fileRef = F1F6BE712C9B631600F4C7FF /* AboutCoordinator.swift */; };
		F1F6BE742C9B644C00F4C7FF /* AuthManager.swift in Sources */ = {isa = PBXBuildFile; fileRef = F1F6BE732C9B644500F4C7FF /* AuthManager.swift */; };
		F1F6BE762C9B647700F4C7FF /* DailyLiturgyViewModel.swift in Sources */ = {isa = PBXBuildFile; fileRef = F1F6BE752C9B646F00F4C7FF /* DailyLiturgyViewModel.swift */; };
		F1F6BE782C9B648C00F4C7FF /* BibleViewModel.swift in Sources */ = {isa = PBXBuildFile; fileRef = F1F6BE772C9B648700F4C7FF /* BibleViewModel.swift */; };
		F1F6BE7A2C9B649C00F4C7FF /* AboutViewModel.swift in Sources */ = {isa = PBXBuildFile; fileRef = F1F6BE792C9B649600F4C7FF /* AboutViewModel.swift */; };
/* End PBXBuildFile section */

/* Begin PBXContainerItemProxy section */
		B8F8DD142C8B8EB600D24769 /* PBXContainerItemProxy */ = {
			isa = PBXContainerItemProxy;
			containerPortal = B8F8DCF52C8B8EB500D24769 /* Project object */;
			proxyType = 1;
			remoteGlobalIDString = B8F8DCFC2C8B8EB500D24769;
			remoteInfo = Macro02;
		};
		B8F8DD1E2C8B8EB600D24769 /* PBXContainerItemProxy */ = {
			isa = PBXContainerItemProxy;
			containerPortal = B8F8DCF52C8B8EB500D24769 /* Project object */;
			proxyType = 1;
			remoteGlobalIDString = B8F8DCFC2C8B8EB500D24769;
			remoteInfo = Macro02;
		};
/* End PBXContainerItemProxy section */

/* Begin PBXFileReference section */
		AF9C0F652C9DB5B7008187EC /* Localizable.xcstrings */ = {isa = PBXFileReference; lastKnownFileType = text.json.xcstrings; path = Localizable.xcstrings; sourceTree = "<group>"; };
		AF9C0FD62CA1E5F3008187EC /* FontStyle.swift */ = {isa = PBXFileReference; lastKnownFileType = sourcecode.swift; path = FontStyle.swift; sourceTree = "<group>"; };
		AF9C0FD72CA1E5F3008187EC /* setDynamicFont.swift */ = {isa = PBXFileReference; lastKnownFileType = sourcecode.swift; path = setDynamicFont.swift; sourceTree = "<group>"; };
		AF9C0FD82CA1E5F3008187EC /* TextComponent.swift */ = {isa = PBXFileReference; lastKnownFileType = sourcecode.swift; path = TextComponent.swift; sourceTree = "<group>"; };
		AFC683B62CA48B7900389DD8 /* LiturgiaDiariaAPI.swift */ = {isa = PBXFileReference; lastKnownFileType = sourcecode.swift; path = LiturgiaDiariaAPI.swift; sourceTree = "<group>"; };
		AFC862102CA32A7100167ECB /* ButtonComponent.swift */ = {isa = PBXFileReference; lastKnownFileType = sourcecode.swift; path = ButtonComponent.swift; sourceTree = "<group>"; };
		B82FA28C2CAF254800FF5269 /* Prayers.JSON */ = {isa = PBXFileReference; lastKnownFileType = text.json; path = Prayers.JSON; sourceTree = "<group>"; };
		B84DEA072CA48F900010CEBC /* SinViewModel.swift */ = {isa = PBXFileReference; lastKnownFileType = sourcecode.swift; path = SinViewModel.swift; sourceTree = "<group>"; };
		B8783F812C99F32E00661148 /* CoordinatorProtocol.swift */ = {isa = PBXFileReference; lastKnownFileType = sourcecode.swift; path = CoordinatorProtocol.swift; sourceTree = "<group>"; };
		B8783F832C99F43300661148 /* ViewModel.swift */ = {isa = PBXFileReference; lastKnownFileType = sourcecode.swift; path = ViewModel.swift; sourceTree = "<group>"; };
		B8783F852C99F44200661148 /* DataManager.swift */ = {isa = PBXFileReference; lastKnownFileType = sourcecode.swift; path = DataManager.swift; sourceTree = "<group>"; };
		B8783F892C99F58600661148 /* Model.swift */ = {isa = PBXFileReference; lastKnownFileType = sourcecode.swift; path = Model.swift; sourceTree = "<group>"; };
		B8783F8F2C99F63A00661148 /* DataModel.xcdatamodel */ = {isa = PBXFileReference; lastKnownFileType = wrapper.xcdatamodel; path = DataModel.xcdatamodel; sourceTree = "<group>"; };
		B8E9CC182CA1F1FE00B21598 /* SpiritualPreparation.swift */ = {isa = PBXFileReference; lastKnownFileType = sourcecode.swift; path = SpiritualPreparation.swift; sourceTree = "<group>"; };
		B8F8DCFD2C8B8EB500D24769 /* Macro02.app */ = {isa = PBXFileReference; explicitFileType = wrapper.application; includeInIndex = 0; path = Macro02.app; sourceTree = BUILT_PRODUCTS_DIR; };
		B8F8DD002C8B8EB500D24769 /* AppDelegate.swift */ = {isa = PBXFileReference; lastKnownFileType = sourcecode.swift; path = AppDelegate.swift; sourceTree = "<group>"; };
		B8F8DD022C8B8EB500D24769 /* SceneDelegate.swift */ = {isa = PBXFileReference; lastKnownFileType = sourcecode.swift; path = SceneDelegate.swift; sourceTree = "<group>"; };
		B8F8DD092C8B8EB600D24769 /* Assets.xcassets */ = {isa = PBXFileReference; lastKnownFileType = folder.assetcatalog; path = Assets.xcassets; sourceTree = "<group>"; };
		B8F8DD0C2C8B8EB600D24769 /* Base */ = {isa = PBXFileReference; lastKnownFileType = file.storyboard; name = Base; path = Base.lproj/LaunchScreen.storyboard; sourceTree = "<group>"; };
		B8F8DD0E2C8B8EB600D24769 /* Info.plist */ = {isa = PBXFileReference; lastKnownFileType = text.plist.xml; path = Info.plist; sourceTree = "<group>"; };
		B8F8DD132C8B8EB600D24769 /* Macro02Tests.xctest */ = {isa = PBXFileReference; explicitFileType = wrapper.cfbundle; includeInIndex = 0; path = Macro02Tests.xctest; sourceTree = BUILT_PRODUCTS_DIR; };
		B8F8DD172C8B8EB600D24769 /* Macro02Tests.swift */ = {isa = PBXFileReference; lastKnownFileType = sourcecode.swift; path = Macro02Tests.swift; sourceTree = "<group>"; };
		B8F8DD1D2C8B8EB600D24769 /* Macro02UITests.xctest */ = {isa = PBXFileReference; explicitFileType = wrapper.cfbundle; includeInIndex = 0; path = Macro02UITests.xctest; sourceTree = BUILT_PRODUCTS_DIR; };
		B8F8DD212C8B8EB600D24769 /* Macro02UITests.swift */ = {isa = PBXFileReference; lastKnownFileType = sourcecode.swift; path = Macro02UITests.swift; sourceTree = "<group>"; };
		B8F8DD232C8B8EB600D24769 /* Macro02UITestsLaunchTests.swift */ = {isa = PBXFileReference; lastKnownFileType = sourcecode.swift; path = Macro02UITestsLaunchTests.swift; sourceTree = "<group>"; };
		F1EDE1492C9CD043007A6403 /* CounsciousnessExamCoordinator.swift */ = {isa = PBXFileReference; lastKnownFileType = sourcecode.swift; path = CounsciousnessExamCoordinator.swift; sourceTree = "<group>"; };
		F1EDE14D2C9CD0D2007A6403 /* ConsciousnessExamViewController.swift */ = {isa = PBXFileReference; lastKnownFileType = sourcecode.swift; path = ConsciousnessExamViewController.swift; sourceTree = "<group>"; };
		F1EDE14F2C9CD120007A6403 /* ConsciousnessExamViewModel.swift */ = {isa = PBXFileReference; lastKnownFileType = sourcecode.swift; path = ConsciousnessExamViewModel.swift; sourceTree = "<group>"; };
		F1EDE1512C9DFE95007A6403 /* PrayersCoordinator.swift */ = {isa = PBXFileReference; lastKnownFileType = sourcecode.swift; path = PrayersCoordinator.swift; sourceTree = "<group>"; };
		F1EDE1532C9E04AE007A6403 /* PrayersCategoryViewController.swift */ = {isa = PBXFileReference; lastKnownFileType = sourcecode.swift; path = PrayersCategoryViewController.swift; sourceTree = "<group>"; };
		F1EDE1552C9E04CB007A6403 /* PrayersViewModel.swift */ = {isa = PBXFileReference; lastKnownFileType = sourcecode.swift; path = PrayersViewModel.swift; sourceTree = "<group>"; };
		F1EDE1572C9E0FCC007A6403 /* PrayersDetailViewController.swift */ = {isa = PBXFileReference; lastKnownFileType = sourcecode.swift; path = PrayersDetailViewController.swift; sourceTree = "<group>"; };
		F1EDE1592C9E156A007A6403 /* Prayer.swift */ = {isa = PBXFileReference; lastKnownFileType = sourcecode.swift; path = Prayer.swift; sourceTree = "<group>"; };
		F1EDE15B2C9E2F64007A6403 /* FullPrayerViewController.swift */ = {isa = PBXFileReference; lastKnownFileType = sourcecode.swift; path = FullPrayerViewController.swift; sourceTree = "<group>"; };
		F1EDE15D2C9E4105007A6403 /* PrayerOptionsModalViewController.swift */ = {isa = PBXFileReference; lastKnownFileType = sourcecode.swift; path = PrayerOptionsModalViewController.swift; sourceTree = "<group>"; };
		F1EDE1622CA20543007A6403 /* MyConfessionViewController.swift */ = {isa = PBXFileReference; lastKnownFileType = sourcecode.swift; path = MyConfessionViewController.swift; sourceTree = "<group>"; };
		F1F6BE422C99FDCC00F4C7FF /* ApplicationCoordinator.swift */ = {isa = PBXFileReference; lastKnownFileType = sourcecode.swift; path = ApplicationCoordinator.swift; sourceTree = "<group>"; };
		F1F6BE562C9A078200F4C7FF /* HomeViewController.swift */ = {isa = PBXFileReference; lastKnownFileType = sourcecode.swift; path = HomeViewController.swift; sourceTree = "<group>"; };
		F1F6BE5B2C9A0C4100F4C7FF /* HomeViewModel.swift */ = {isa = PBXFileReference; lastKnownFileType = sourcecode.swift; path = HomeViewModel.swift; sourceTree = "<group>"; };
		F1F6BE602C9B5AC200F4C7FF /* ConfessionAuthViewController.swift */ = {isa = PBXFileReference; lastKnownFileType = sourcecode.swift; path = ConfessionAuthViewController.swift; sourceTree = "<group>"; };
		F1F6BE622C9B5C9F00F4C7FF /* DailyLiturgyViewController.swift */ = {isa = PBXFileReference; lastKnownFileType = sourcecode.swift; path = DailyLiturgyViewController.swift; sourceTree = "<group>"; };
		F1F6BE642C9B5DE600F4C7FF /* BibleViewController.swift */ = {isa = PBXFileReference; lastKnownFileType = sourcecode.swift; path = BibleViewController.swift; sourceTree = "<group>"; };
		F1F6BE662C9B5E0500F4C7FF /* AboutViewController.swift */ = {isa = PBXFileReference; lastKnownFileType = sourcecode.swift; path = AboutViewController.swift; sourceTree = "<group>"; };
		F1F6BE692C9B60D500F4C7FF /* HomeCoordinator.swift */ = {isa = PBXFileReference; lastKnownFileType = sourcecode.swift; path = HomeCoordinator.swift; sourceTree = "<group>"; };
		F1F6BE6B2C9B627B00F4C7FF /* ConfessionCoordinator.swift */ = {isa = PBXFileReference; lastKnownFileType = sourcecode.swift; path = ConfessionCoordinator.swift; sourceTree = "<group>"; };
		F1F6BE6D2C9B62E900F4C7FF /* DailyLiturgyCoordinator.swift */ = {isa = PBXFileReference; lastKnownFileType = sourcecode.swift; path = DailyLiturgyCoordinator.swift; sourceTree = "<group>"; };
		F1F6BE6F2C9B62FE00F4C7FF /* BibleCoordinator.swift */ = {isa = PBXFileReference; lastKnownFileType = sourcecode.swift; path = BibleCoordinator.swift; sourceTree = "<group>"; };
		F1F6BE712C9B631600F4C7FF /* AboutCoordinator.swift */ = {isa = PBXFileReference; lastKnownFileType = sourcecode.swift; path = AboutCoordinator.swift; sourceTree = "<group>"; };
		F1F6BE732C9B644500F4C7FF /* AuthManager.swift */ = {isa = PBXFileReference; lastKnownFileType = sourcecode.swift; path = AuthManager.swift; sourceTree = "<group>"; };
		F1F6BE752C9B646F00F4C7FF /* DailyLiturgyViewModel.swift */ = {isa = PBXFileReference; lastKnownFileType = sourcecode.swift; path = DailyLiturgyViewModel.swift; sourceTree = "<group>"; };
		F1F6BE772C9B648700F4C7FF /* BibleViewModel.swift */ = {isa = PBXFileReference; lastKnownFileType = sourcecode.swift; path = BibleViewModel.swift; sourceTree = "<group>"; };
		F1F6BE792C9B649600F4C7FF /* AboutViewModel.swift */ = {isa = PBXFileReference; lastKnownFileType = sourcecode.swift; path = AboutViewModel.swift; sourceTree = "<group>"; };
/* End PBXFileReference section */

/* Begin PBXFrameworksBuildPhase section */
		B8F8DCFA2C8B8EB500D24769 /* Frameworks */ = {
			isa = PBXFrameworksBuildPhase;
			buildActionMask = 2147483647;
			files = (
			);
			runOnlyForDeploymentPostprocessing = 0;
		};
		B8F8DD102C8B8EB600D24769 /* Frameworks */ = {
			isa = PBXFrameworksBuildPhase;
			buildActionMask = 2147483647;
			files = (
			);
			runOnlyForDeploymentPostprocessing = 0;
		};
		B8F8DD1A2C8B8EB600D24769 /* Frameworks */ = {
			isa = PBXFrameworksBuildPhase;
			buildActionMask = 2147483647;
			files = (
			);
			runOnlyForDeploymentPostprocessing = 0;
		};
/* End PBXFrameworksBuildPhase section */

/* Begin PBXGroup section */
		AF9C0FD92CA1E5F3008187EC /* TextComponents  */ = {
			isa = PBXGroup;
			children = (
				AFC862102CA32A7100167ECB /* ButtonComponent.swift */,
				AF9C0FD62CA1E5F3008187EC /* FontStyle.swift */,
				AF9C0FD72CA1E5F3008187EC /* setDynamicFont.swift */,
				AF9C0FD82CA1E5F3008187EC /* TextComponent.swift */,
			);
			path = "TextComponents ";
			sourceTree = "<group>";
		};
		B8783F792C99F28600661148 /* Model */ = {
			isa = PBXGroup;
			children = (
				B8783F892C99F58600661148 /* Model.swift */,
				B8E9CC182CA1F1FE00B21598 /* SpiritualPreparation.swift */,
				AFC683B62CA48B7900389DD8 /* LiturgiaDiariaAPI.swift */,
				F1EDE1592C9E156A007A6403 /* Prayer.swift */,
				B82FA28C2CAF254800FF5269 /* Prayers.JSON */,
			);
			path = Model;
			sourceTree = "<group>";
		};
		B8783F7B2C99F29F00661148 /* ViewController */ = {
			isa = PBXGroup;
			children = (
				F1EDE1602C9E5482007A6403 /* CounsciousnessExam */,
				F1EDE15F2C9E5451007A6403 /* Prayers */,
				F1F6BE562C9A078200F4C7FF /* HomeViewController.swift */,
				F1F6BE602C9B5AC200F4C7FF /* ConfessionAuthViewController.swift */,
				AF9C0F652C9DB5B7008187EC /* Localizable.xcstrings */,
				F1F6BE622C9B5C9F00F4C7FF /* DailyLiturgyViewController.swift */,
				F1F6BE642C9B5DE600F4C7FF /* BibleViewController.swift */,
				F1F6BE662C9B5E0500F4C7FF /* AboutViewController.swift */,
				F1EDE1622CA20543007A6403 /* MyConfessionViewController.swift */,
			);
			path = ViewController;
			sourceTree = "<group>";
		};
		B8783F7C2C99F2AF00661148 /* ViewModel */ = {
			isa = PBXGroup;
			children = (
				F1EDE14F2C9CD120007A6403 /* ConsciousnessExamViewModel.swift */,
				B8783F832C99F43300661148 /* ViewModel.swift */,
				F1F6BE5B2C9A0C4100F4C7FF /* HomeViewModel.swift */,
				F1F6BE732C9B644500F4C7FF /* AuthManager.swift */,
				F1F6BE752C9B646F00F4C7FF /* DailyLiturgyViewModel.swift */,
				F1F6BE772C9B648700F4C7FF /* BibleViewModel.swift */,
				F1F6BE792C9B649600F4C7FF /* AboutViewModel.swift */,
				F1EDE1552C9E04CB007A6403 /* PrayersViewModel.swift */,
				B84DEA072CA48F900010CEBC /* SinViewModel.swift */,
			);
			path = ViewModel;
			sourceTree = "<group>";
		};
		B8783F7D2C99F2B900661148 /* DataManager */ = {
			isa = PBXGroup;
			children = (
				B8783F852C99F44200661148 /* DataManager.swift */,
				B8783F8E2C99F63A00661148 /* DataModel.xcdatamodeld */,
			);
			path = DataManager;
			sourceTree = "<group>";
		};
		B8783F7E2C99F2BF00661148 /* Utils */ = {
			isa = PBXGroup;
			children = (
				AF9C0FD92CA1E5F3008187EC /* TextComponents  */,
				B8F8DD092C8B8EB600D24769 /* Assets.xcassets */,
				B8783F7F2C99F2C600661148 /* Coordinator */,
				B8783F7D2C99F2B900661148 /* DataManager */,
			);
			path = Utils;
			sourceTree = "<group>";
		};
		B8783F7F2C99F2C600661148 /* Coordinator */ = {
			isa = PBXGroup;
			children = (
				B8783F812C99F32E00661148 /* CoordinatorProtocol.swift */,
				F1F6BE422C99FDCC00F4C7FF /* ApplicationCoordinator.swift */,
				F1F6BE682C9B60B700F4C7FF /* Tab Bar Coordinators */,
			);
			path = Coordinator;
			sourceTree = "<group>";
		};
		B8783F912C99F68100661148 /* Delegate */ = {
			isa = PBXGroup;
			children = (
				B8F8DD002C8B8EB500D24769 /* AppDelegate.swift */,
				B8F8DD022C8B8EB500D24769 /* SceneDelegate.swift */,
			);
			path = Delegate;
			sourceTree = "<group>";
		};
		B8F8DCF42C8B8EB500D24769 = {
			isa = PBXGroup;
			children = (
				B8F8DCFF2C8B8EB500D24769 /* Macro02 */,
				B8F8DD162C8B8EB600D24769 /* Macro02Tests */,
				B8F8DD202C8B8EB600D24769 /* Macro02UITests */,
				B8F8DCFE2C8B8EB500D24769 /* Products */,
			);
			sourceTree = "<group>";
		};
		B8F8DCFE2C8B8EB500D24769 /* Products */ = {
			isa = PBXGroup;
			children = (
				B8F8DCFD2C8B8EB500D24769 /* Macro02.app */,
				B8F8DD132C8B8EB600D24769 /* Macro02Tests.xctest */,
				B8F8DD1D2C8B8EB600D24769 /* Macro02UITests.xctest */,
			);
			name = Products;
			sourceTree = "<group>";
		};
		B8F8DCFF2C8B8EB500D24769 /* Macro02 */ = {
			isa = PBXGroup;
			children = (
				B8783F912C99F68100661148 /* Delegate */,
				B8783F7C2C99F2AF00661148 /* ViewModel */,
				B8783F7B2C99F29F00661148 /* ViewController */,
				B8783F792C99F28600661148 /* Model */,
				B8783F7E2C99F2BF00661148 /* Utils */,
				B8F8DD0B2C8B8EB600D24769 /* LaunchScreen.storyboard */,
				B8F8DD0E2C8B8EB600D24769 /* Info.plist */,
			);
			path = Macro02;
			sourceTree = "<group>";
		};
		B8F8DD162C8B8EB600D24769 /* Macro02Tests */ = {
			isa = PBXGroup;
			children = (
				B8F8DD172C8B8EB600D24769 /* Macro02Tests.swift */,
			);
			path = Macro02Tests;
			sourceTree = "<group>";
		};
		B8F8DD202C8B8EB600D24769 /* Macro02UITests */ = {
			isa = PBXGroup;
			children = (
				B8F8DD212C8B8EB600D24769 /* Macro02UITests.swift */,
				B8F8DD232C8B8EB600D24769 /* Macro02UITestsLaunchTests.swift */,
			);
			path = Macro02UITests;
			sourceTree = "<group>";
		};
		F1EDE1482C9CD022007A6403 /* Home Coordinators */ = {
			isa = PBXGroup;
			children = (
				F1EDE1512C9DFE95007A6403 /* PrayersCoordinator.swift */,
				F1EDE1492C9CD043007A6403 /* CounsciousnessExamCoordinator.swift */,
			);
			path = "Home Coordinators";
			sourceTree = "<group>";
		};
		F1EDE15F2C9E5451007A6403 /* Prayers */ = {
			isa = PBXGroup;
			children = (
				F1EDE1532C9E04AE007A6403 /* PrayersCategoryViewController.swift */,
				F1EDE1572C9E0FCC007A6403 /* PrayersDetailViewController.swift */,
				F1EDE15B2C9E2F64007A6403 /* FullPrayerViewController.swift */,
				F1EDE15D2C9E4105007A6403 /* PrayerOptionsModalViewController.swift */,
			);
			path = Prayers;
			sourceTree = "<group>";
		};
		F1EDE1602C9E5482007A6403 /* CounsciousnessExam */ = {
			isa = PBXGroup;
			children = (
				F1EDE14D2C9CD0D2007A6403 /* ConsciousnessExamViewController.swift */,
			);
			path = CounsciousnessExam;
			sourceTree = "<group>";
		};
		F1F6BE682C9B60B700F4C7FF /* Tab Bar Coordinators */ = {
			isa = PBXGroup;
			children = (
				F1F6BE692C9B60D500F4C7FF /* HomeCoordinator.swift */,
				F1EDE1482C9CD022007A6403 /* Home Coordinators */,
				F1F6BE712C9B631600F4C7FF /* AboutCoordinator.swift */,
				F1F6BE6F2C9B62FE00F4C7FF /* BibleCoordinator.swift */,
				F1F6BE6B2C9B627B00F4C7FF /* ConfessionCoordinator.swift */,
				F1F6BE6D2C9B62E900F4C7FF /* DailyLiturgyCoordinator.swift */,
			);
			path = "Tab Bar Coordinators";
			sourceTree = "<group>";
		};
/* End PBXGroup section */

/* Begin PBXNativeTarget section */
		B8F8DCFC2C8B8EB500D24769 /* Macro02 */ = {
			isa = PBXNativeTarget;
			buildConfigurationList = B8F8DD272C8B8EB600D24769 /* Build configuration list for PBXNativeTarget "Macro02" */;
			buildPhases = (
				B8F8DCF92C8B8EB500D24769 /* Sources */,
				B8F8DCFA2C8B8EB500D24769 /* Frameworks */,
				B8F8DCFB2C8B8EB500D24769 /* Resources */,
			);
			buildRules = (
			);
			dependencies = (
			);
			name = Macro02;
			productName = Macro02;
			productReference = B8F8DCFD2C8B8EB500D24769 /* Macro02.app */;
			productType = "com.apple.product-type.application";
		};
		B8F8DD122C8B8EB600D24769 /* Macro02Tests */ = {
			isa = PBXNativeTarget;
			buildConfigurationList = B8F8DD2A2C8B8EB600D24769 /* Build configuration list for PBXNativeTarget "Macro02Tests" */;
			buildPhases = (
				B8F8DD0F2C8B8EB600D24769 /* Sources */,
				B8F8DD102C8B8EB600D24769 /* Frameworks */,
				B8F8DD112C8B8EB600D24769 /* Resources */,
			);
			buildRules = (
			);
			dependencies = (
				B8F8DD152C8B8EB600D24769 /* PBXTargetDependency */,
			);
			name = Macro02Tests;
			productName = Macro02Tests;
			productReference = B8F8DD132C8B8EB600D24769 /* Macro02Tests.xctest */;
			productType = "com.apple.product-type.bundle.unit-test";
		};
		B8F8DD1C2C8B8EB600D24769 /* Macro02UITests */ = {
			isa = PBXNativeTarget;
			buildConfigurationList = B8F8DD2D2C8B8EB600D24769 /* Build configuration list for PBXNativeTarget "Macro02UITests" */;
			buildPhases = (
				B8F8DD192C8B8EB600D24769 /* Sources */,
				B8F8DD1A2C8B8EB600D24769 /* Frameworks */,
				B8F8DD1B2C8B8EB600D24769 /* Resources */,
			);
			buildRules = (
			);
			dependencies = (
				B8F8DD1F2C8B8EB600D24769 /* PBXTargetDependency */,
			);
			name = Macro02UITests;
			productName = Macro02UITests;
			productReference = B8F8DD1D2C8B8EB600D24769 /* Macro02UITests.xctest */;
			productType = "com.apple.product-type.bundle.ui-testing";
		};
/* End PBXNativeTarget section */

/* Begin PBXProject section */
		B8F8DCF52C8B8EB500D24769 /* Project object */ = {
			isa = PBXProject;
			attributes = {
				BuildIndependentTargetsInParallel = 1;
				LastSwiftUpdateCheck = 1540;
				LastUpgradeCheck = 1600;
				TargetAttributes = {
					B8F8DCFC2C8B8EB500D24769 = {
						CreatedOnToolsVersion = 15.4;
					};
					B8F8DD122C8B8EB600D24769 = {
						CreatedOnToolsVersion = 15.4;
						TestTargetID = B8F8DCFC2C8B8EB500D24769;
					};
					B8F8DD1C2C8B8EB600D24769 = {
						CreatedOnToolsVersion = 15.4;
						TestTargetID = B8F8DCFC2C8B8EB500D24769;
					};
				};
			};
			buildConfigurationList = B8F8DCF82C8B8EB500D24769 /* Build configuration list for PBXProject "Macro02" */;
			compatibilityVersion = "Xcode 14.0";
			developmentRegion = en;
			hasScannedForEncodings = 0;
			knownRegions = (
				en,
				Base,
			);
			mainGroup = B8F8DCF42C8B8EB500D24769;
			productRefGroup = B8F8DCFE2C8B8EB500D24769 /* Products */;
			projectDirPath = "";
			projectRoot = "";
			targets = (
				B8F8DCFC2C8B8EB500D24769 /* Macro02 */,
				B8F8DD122C8B8EB600D24769 /* Macro02Tests */,
				B8F8DD1C2C8B8EB600D24769 /* Macro02UITests */,
			);
		};
/* End PBXProject section */

/* Begin PBXResourcesBuildPhase section */
		B8F8DCFB2C8B8EB500D24769 /* Resources */ = {
			isa = PBXResourcesBuildPhase;
			buildActionMask = 2147483647;
			files = (
				B8F8DD0A2C8B8EB600D24769 /* Assets.xcassets in Resources */,
				B8F8DD0D2C8B8EB600D24769 /* Base in Resources */,
				AF9C0F662C9DB5B7008187EC /* Localizable.xcstrings in Resources */,
			);
			runOnlyForDeploymentPostprocessing = 0;
		};
		B8F8DD112C8B8EB600D24769 /* Resources */ = {
			isa = PBXResourcesBuildPhase;
			buildActionMask = 2147483647;
			files = (
			);
			runOnlyForDeploymentPostprocessing = 0;
		};
		B8F8DD1B2C8B8EB600D24769 /* Resources */ = {
			isa = PBXResourcesBuildPhase;
			buildActionMask = 2147483647;
			files = (
			);
			runOnlyForDeploymentPostprocessing = 0;
		};
/* End PBXResourcesBuildPhase section */

/* Begin PBXSourcesBuildPhase section */
		B8F8DCF92C8B8EB500D24769 /* Sources */ = {
			isa = PBXSourcesBuildPhase;
			buildActionMask = 2147483647;
			files = (
				F1EDE14E2C9CD0D2007A6403 /* ConsciousnessExamViewController.swift in Sources */,
				F1F6BE722C9B631C00F4C7FF /* AboutCoordinator.swift in Sources */,
				F1F6BE5C2C9A0C4100F4C7FF /* HomeViewModel.swift in Sources */,
				F1EDE1542C9E04AE007A6403 /* PrayersCategoryViewController.swift in Sources */,
				B8783F842C99F43800661148 /* ViewModel.swift in Sources */,
				F1EDE1562C9E04CB007A6403 /* PrayersViewModel.swift in Sources */,
				F1EDE15C2C9E2F64007A6403 /* FullPrayerViewController.swift in Sources */,
				F1F6BE702C9B630200F4C7FF /* BibleCoordinator.swift in Sources */,
				F1F6BE6C2C9B62B200F4C7FF /* ConfessionCoordinator.swift in Sources */,
				F1F6BE572C9A078B00F4C7FF /* HomeViewController.swift in Sources */,
				B8E9CC192CA1F1FE00B21598 /* SpiritualPreparation.swift in Sources */,
				B8783F862C99F44200661148 /* DataManager.swift in Sources */,
				F1EDE1522C9DFE9B007A6403 /* PrayersCoordinator.swift in Sources */,
				B8783F822C99F32E00661148 /* CoordinatorProtocol.swift in Sources */,
				B8F8DD012C8B8EB500D24769 /* AppDelegate.swift in Sources */,
				AF9C0FDA2CA1E5F3008187EC /* FontStyle.swift in Sources */,
				AF9C0FDC2CA1E5F3008187EC /* setDynamicFont.swift in Sources */,
				AFC862112CA32A7100167ECB /* ButtonComponent.swift in Sources */,
				AF9C0FDD2CA1E5F3008187EC /* TextComponent.swift in Sources */,
				F1F6BE672C9B5E0500F4C7FF /* AboutViewController.swift in Sources */,
				F1F6BE762C9B647700F4C7FF /* DailyLiturgyViewModel.swift in Sources */,
				B84DEA082CA48F900010CEBC /* SinViewModel.swift in Sources */,
				F1EDE15E2C9E4105007A6403 /* PrayerOptionsModalViewController.swift in Sources */,
				F1EDE1502C9CD126007A6403 /* ConsciousnessExamViewModel.swift in Sources */,
				F1F6BE7A2C9B649C00F4C7FF /* AboutViewModel.swift in Sources */,
				F1F6BE432C99FDD700F4C7FF /* ApplicationCoordinator.swift in Sources */,
				F1F6BE652C9B5DE600F4C7FF /* BibleViewController.swift in Sources */,
				F1EDE14A2C9CD045007A6403 /* CounsciousnessExamCoordinator.swift in Sources */,
				B8783F902C99F63A00661148 /* DataModel.xcdatamodeld in Sources */,
				F1F6BE742C9B644C00F4C7FF /* AuthManager.swift in Sources */,
				AFC683B72CA48B7900389DD8 /* LiturgiaDiariaAPI.swift in Sources */,
				B82FA28D2CAF254800FF5269 /* Prayers.JSON in Sources */,
				F1F6BE782C9B648C00F4C7FF /* BibleViewModel.swift in Sources */,
				B8F8DD032C8B8EB500D24769 /* SceneDelegate.swift in Sources */,
				F1F6BE6E2C9B62E900F4C7FF /* DailyLiturgyCoordinator.swift in Sources */,
				B8783F8A2C99F58600661148 /* Model.swift in Sources */,
				F1EDE1632CA20543007A6403 /* MyConfessionViewController.swift in Sources */,
				F1EDE1582C9E0FCC007A6403 /* PrayersDetailViewController.swift in Sources */,
				F1F6BE6A2C9B60DD00F4C7FF /* HomeCoordinator.swift in Sources */,
				F1F6BE612C9B5AC200F4C7FF /* ConfessionAuthViewController.swift in Sources */,
				F1EDE15A2C9E156A007A6403 /* Prayer.swift in Sources */,
				F1F6BE632C9B5C9F00F4C7FF /* DailyLiturgyViewController.swift in Sources */,
			);
			runOnlyForDeploymentPostprocessing = 0;
		};
		B8F8DD0F2C8B8EB600D24769 /* Sources */ = {
			isa = PBXSourcesBuildPhase;
			buildActionMask = 2147483647;
			files = (
				B8F8DD182C8B8EB600D24769 /* Macro02Tests.swift in Sources */,
			);
			runOnlyForDeploymentPostprocessing = 0;
		};
		B8F8DD192C8B8EB600D24769 /* Sources */ = {
			isa = PBXSourcesBuildPhase;
			buildActionMask = 2147483647;
			files = (
				B8F8DD222C8B8EB600D24769 /* Macro02UITests.swift in Sources */,
				B8F8DD242C8B8EB600D24769 /* Macro02UITestsLaunchTests.swift in Sources */,
			);
			runOnlyForDeploymentPostprocessing = 0;
		};
/* End PBXSourcesBuildPhase section */

/* Begin PBXTargetDependency section */
		B8F8DD152C8B8EB600D24769 /* PBXTargetDependency */ = {
			isa = PBXTargetDependency;
			target = B8F8DCFC2C8B8EB500D24769 /* Macro02 */;
			targetProxy = B8F8DD142C8B8EB600D24769 /* PBXContainerItemProxy */;
		};
		B8F8DD1F2C8B8EB600D24769 /* PBXTargetDependency */ = {
			isa = PBXTargetDependency;
			target = B8F8DCFC2C8B8EB500D24769 /* Macro02 */;
			targetProxy = B8F8DD1E2C8B8EB600D24769 /* PBXContainerItemProxy */;
		};
/* End PBXTargetDependency section */

/* Begin PBXVariantGroup section */
		B8F8DD0B2C8B8EB600D24769 /* LaunchScreen.storyboard */ = {
			isa = PBXVariantGroup;
			children = (
				B8F8DD0C2C8B8EB600D24769 /* Base */,
			);
			name = LaunchScreen.storyboard;
			sourceTree = "<group>";
		};
/* End PBXVariantGroup section */

/* Begin XCBuildConfiguration section */
		B8F8DD252C8B8EB600D24769 /* Debug */ = {
			isa = XCBuildConfiguration;
			buildSettings = {
				ALWAYS_SEARCH_USER_PATHS = NO;
				ASSETCATALOG_COMPILER_GENERATE_SWIFT_ASSET_SYMBOL_EXTENSIONS = YES;
				CLANG_ANALYZER_NONNULL = YES;
				CLANG_ANALYZER_NUMBER_OBJECT_CONVERSION = YES_AGGRESSIVE;
				CLANG_CXX_LANGUAGE_STANDARD = "gnu++20";
				CLANG_ENABLE_MODULES = YES;
				CLANG_ENABLE_OBJC_ARC = YES;
				CLANG_ENABLE_OBJC_WEAK = YES;
				CLANG_WARN_BLOCK_CAPTURE_AUTORELEASING = YES;
				CLANG_WARN_BOOL_CONVERSION = YES;
				CLANG_WARN_COMMA = YES;
				CLANG_WARN_CONSTANT_CONVERSION = YES;
				CLANG_WARN_DEPRECATED_OBJC_IMPLEMENTATIONS = YES;
				CLANG_WARN_DIRECT_OBJC_ISA_USAGE = YES_ERROR;
				CLANG_WARN_DOCUMENTATION_COMMENTS = YES;
				CLANG_WARN_EMPTY_BODY = YES;
				CLANG_WARN_ENUM_CONVERSION = YES;
				CLANG_WARN_INFINITE_RECURSION = YES;
				CLANG_WARN_INT_CONVERSION = YES;
				CLANG_WARN_NON_LITERAL_NULL_CONVERSION = YES;
				CLANG_WARN_OBJC_IMPLICIT_RETAIN_SELF = YES;
				CLANG_WARN_OBJC_LITERAL_CONVERSION = YES;
				CLANG_WARN_OBJC_ROOT_CLASS = YES_ERROR;
				CLANG_WARN_QUOTED_INCLUDE_IN_FRAMEWORK_HEADER = YES;
				CLANG_WARN_RANGE_LOOP_ANALYSIS = YES;
				CLANG_WARN_STRICT_PROTOTYPES = YES;
				CLANG_WARN_SUSPICIOUS_MOVE = YES;
				CLANG_WARN_UNGUARDED_AVAILABILITY = YES_AGGRESSIVE;
				CLANG_WARN_UNREACHABLE_CODE = YES;
				CLANG_WARN__DUPLICATE_METHOD_MATCH = YES;
				COPY_PHASE_STRIP = NO;
				DEBUG_INFORMATION_FORMAT = dwarf;
				ENABLE_STRICT_OBJC_MSGSEND = YES;
				ENABLE_TESTABILITY = YES;
				ENABLE_USER_SCRIPT_SANDBOXING = YES;
				GCC_C_LANGUAGE_STANDARD = gnu17;
				GCC_DYNAMIC_NO_PIC = NO;
				GCC_NO_COMMON_BLOCKS = YES;
				GCC_OPTIMIZATION_LEVEL = 0;
				GCC_PREPROCESSOR_DEFINITIONS = (
					"DEBUG=1",
					"$(inherited)",
				);
				GCC_WARN_64_TO_32_BIT_CONVERSION = YES;
				GCC_WARN_ABOUT_RETURN_TYPE = YES_ERROR;
				GCC_WARN_UNDECLARED_SELECTOR = YES;
				GCC_WARN_UNINITIALIZED_AUTOS = YES_AGGRESSIVE;
				GCC_WARN_UNUSED_FUNCTION = YES;
				GCC_WARN_UNUSED_VARIABLE = YES;
				IPHONEOS_DEPLOYMENT_TARGET = 16.6;
				LOCALIZATION_PREFERS_STRING_CATALOGS = YES;
				MTL_ENABLE_DEBUG_INFO = INCLUDE_SOURCE;
				MTL_FAST_MATH = YES;
				ONLY_ACTIVE_ARCH = YES;
				SDKROOT = iphoneos;
				SWIFT_ACTIVE_COMPILATION_CONDITIONS = "DEBUG $(inherited)";
				SWIFT_EMIT_LOC_STRINGS = YES;
				SWIFT_OPTIMIZATION_LEVEL = "-Onone";
			};
			name = Debug;
		};
		B8F8DD262C8B8EB600D24769 /* Release */ = {
			isa = XCBuildConfiguration;
			buildSettings = {
				ALWAYS_SEARCH_USER_PATHS = NO;
				ASSETCATALOG_COMPILER_GENERATE_SWIFT_ASSET_SYMBOL_EXTENSIONS = YES;
				CLANG_ANALYZER_NONNULL = YES;
				CLANG_ANALYZER_NUMBER_OBJECT_CONVERSION = YES_AGGRESSIVE;
				CLANG_CXX_LANGUAGE_STANDARD = "gnu++20";
				CLANG_ENABLE_MODULES = YES;
				CLANG_ENABLE_OBJC_ARC = YES;
				CLANG_ENABLE_OBJC_WEAK = YES;
				CLANG_WARN_BLOCK_CAPTURE_AUTORELEASING = YES;
				CLANG_WARN_BOOL_CONVERSION = YES;
				CLANG_WARN_COMMA = YES;
				CLANG_WARN_CONSTANT_CONVERSION = YES;
				CLANG_WARN_DEPRECATED_OBJC_IMPLEMENTATIONS = YES;
				CLANG_WARN_DIRECT_OBJC_ISA_USAGE = YES_ERROR;
				CLANG_WARN_DOCUMENTATION_COMMENTS = YES;
				CLANG_WARN_EMPTY_BODY = YES;
				CLANG_WARN_ENUM_CONVERSION = YES;
				CLANG_WARN_INFINITE_RECURSION = YES;
				CLANG_WARN_INT_CONVERSION = YES;
				CLANG_WARN_NON_LITERAL_NULL_CONVERSION = YES;
				CLANG_WARN_OBJC_IMPLICIT_RETAIN_SELF = YES;
				CLANG_WARN_OBJC_LITERAL_CONVERSION = YES;
				CLANG_WARN_OBJC_ROOT_CLASS = YES_ERROR;
				CLANG_WARN_QUOTED_INCLUDE_IN_FRAMEWORK_HEADER = YES;
				CLANG_WARN_RANGE_LOOP_ANALYSIS = YES;
				CLANG_WARN_STRICT_PROTOTYPES = YES;
				CLANG_WARN_SUSPICIOUS_MOVE = YES;
				CLANG_WARN_UNGUARDED_AVAILABILITY = YES_AGGRESSIVE;
				CLANG_WARN_UNREACHABLE_CODE = YES;
				CLANG_WARN__DUPLICATE_METHOD_MATCH = YES;
				COPY_PHASE_STRIP = NO;
				DEBUG_INFORMATION_FORMAT = "dwarf-with-dsym";
				ENABLE_NS_ASSERTIONS = NO;
				ENABLE_STRICT_OBJC_MSGSEND = YES;
				ENABLE_USER_SCRIPT_SANDBOXING = YES;
				GCC_C_LANGUAGE_STANDARD = gnu17;
				GCC_NO_COMMON_BLOCKS = YES;
				GCC_WARN_64_TO_32_BIT_CONVERSION = YES;
				GCC_WARN_ABOUT_RETURN_TYPE = YES_ERROR;
				GCC_WARN_UNDECLARED_SELECTOR = YES;
				GCC_WARN_UNINITIALIZED_AUTOS = YES_AGGRESSIVE;
				GCC_WARN_UNUSED_FUNCTION = YES;
				GCC_WARN_UNUSED_VARIABLE = YES;
				IPHONEOS_DEPLOYMENT_TARGET = 16.6;
				LOCALIZATION_PREFERS_STRING_CATALOGS = YES;
				MTL_ENABLE_DEBUG_INFO = NO;
				MTL_FAST_MATH = YES;
				SDKROOT = iphoneos;
				SWIFT_COMPILATION_MODE = wholemodule;
				SWIFT_EMIT_LOC_STRINGS = YES;
				VALIDATE_PRODUCT = YES;
			};
			name = Release;
		};
		B8F8DD282C8B8EB600D24769 /* Debug */ = {
			isa = XCBuildConfiguration;
			buildSettings = {
				ASSETCATALOG_COMPILER_APPICON_NAME = AppIcon;
				ASSETCATALOG_COMPILER_GLOBAL_ACCENT_COLOR_NAME = AccentColor;
				CODE_SIGN_STYLE = Automatic;
				CURRENT_PROJECT_VERSION = 1;
				DEVELOPMENT_TEAM = 99Z68J6579;
				GENERATE_INFOPLIST_FILE = YES;
				INFOPLIST_FILE = Macro02/Info.plist;
				INFOPLIST_KEY_LSApplicationCategoryType = "public.app-category.reference";
				INFOPLIST_KEY_NSFaceIDUsageDescription = "Please allow to continue with Face ID";
				INFOPLIST_KEY_UIApplicationSupportsIndirectInputEvents = YES;
				INFOPLIST_KEY_UILaunchStoryboardName = LaunchScreen;
				INFOPLIST_KEY_UIStatusBarStyle = "";
				INFOPLIST_KEY_UISupportedInterfaceOrientations = UIInterfaceOrientationPortrait;
				INFOPLIST_KEY_UISupportedInterfaceOrientations_iPad = "UIInterfaceOrientationLandscapeLeft UIInterfaceOrientationLandscapeRight UIInterfaceOrientationPortrait UIInterfaceOrientationPortraitUpsideDown";
				LD_RUNPATH_SEARCH_PATHS = (
					"$(inherited)",
					"@executable_path/Frameworks",
				);
				MARKETING_VERSION = 1.0;
				PRODUCT_BUNDLE_IDENTIFIER = br.com.gabusiness.peregrinus;
				PRODUCT_NAME = "$(TARGET_NAME)";
				SUPPORTED_PLATFORMS = "iphoneos iphonesimulator";
				SUPPORTS_MACCATALYST = NO;
				SUPPORTS_MAC_DESIGNED_FOR_IPHONE_IPAD = NO;
				SUPPORTS_XR_DESIGNED_FOR_IPHONE_IPAD = NO;
				SWIFT_EMIT_LOC_STRINGS = YES;
				SWIFT_VERSION = 5.0;
				TARGETED_DEVICE_FAMILY = 1;
			};
			name = Debug;
		};
		B8F8DD292C8B8EB600D24769 /* Release */ = {
			isa = XCBuildConfiguration;
			buildSettings = {
				ASSETCATALOG_COMPILER_APPICON_NAME = AppIcon;
				ASSETCATALOG_COMPILER_GLOBAL_ACCENT_COLOR_NAME = AccentColor;
				CODE_SIGN_STYLE = Automatic;
				CURRENT_PROJECT_VERSION = 1;
				DEVELOPMENT_TEAM = 99Z68J6579;
				GENERATE_INFOPLIST_FILE = YES;
				INFOPLIST_FILE = Macro02/Info.plist;
				INFOPLIST_KEY_LSApplicationCategoryType = "public.app-category.reference";
				INFOPLIST_KEY_NSFaceIDUsageDescription = "Please allow to continue with Face ID";
				INFOPLIST_KEY_UIApplicationSupportsIndirectInputEvents = YES;
				INFOPLIST_KEY_UILaunchStoryboardName = LaunchScreen;
				INFOPLIST_KEY_UIStatusBarStyle = "";
				INFOPLIST_KEY_UISupportedInterfaceOrientations = UIInterfaceOrientationPortrait;
				INFOPLIST_KEY_UISupportedInterfaceOrientations_iPad = "UIInterfaceOrientationLandscapeLeft UIInterfaceOrientationLandscapeRight UIInterfaceOrientationPortrait UIInterfaceOrientationPortraitUpsideDown";
				LD_RUNPATH_SEARCH_PATHS = (
					"$(inherited)",
					"@executable_path/Frameworks",
				);
				MARKETING_VERSION = 1.0;
				PRODUCT_BUNDLE_IDENTIFIER = br.com.gabusiness.peregrinus;
				PRODUCT_NAME = "$(TARGET_NAME)";
				SUPPORTED_PLATFORMS = "iphoneos iphonesimulator";
				SUPPORTS_MACCATALYST = NO;
				SUPPORTS_MAC_DESIGNED_FOR_IPHONE_IPAD = NO;
				SUPPORTS_XR_DESIGNED_FOR_IPHONE_IPAD = NO;
				SWIFT_EMIT_LOC_STRINGS = YES;
				SWIFT_VERSION = 5.0;
				TARGETED_DEVICE_FAMILY = 1;
			};
			name = Release;
		};
		B8F8DD2B2C8B8EB600D24769 /* Debug */ = {
			isa = XCBuildConfiguration;
			buildSettings = {
				BUNDLE_LOADER = "$(TEST_HOST)";
				CODE_SIGN_STYLE = Automatic;
				CURRENT_PROJECT_VERSION = 1;
				DEVELOPMENT_TEAM = 2GNPFRN684;
				GENERATE_INFOPLIST_FILE = YES;
				IPHONEOS_DEPLOYMENT_TARGET = 16.6;
				MARKETING_VERSION = 1.0;
				PRODUCT_BUNDLE_IDENTIFIER = br.com.gabusiness.peregrinusTests;
				PRODUCT_NAME = "$(TARGET_NAME)";
				SUPPORTED_PLATFORMS = "iphoneos iphonesimulator";
				SUPPORTS_MACCATALYST = NO;
				SUPPORTS_MAC_DESIGNED_FOR_IPHONE_IPAD = NO;
				SUPPORTS_XR_DESIGNED_FOR_IPHONE_IPAD = NO;
				SWIFT_EMIT_LOC_STRINGS = NO;
				SWIFT_VERSION = 5.0;
				TARGETED_DEVICE_FAMILY = 1;
				TEST_HOST = "$(BUILT_PRODUCTS_DIR)/Macro02.app/$(BUNDLE_EXECUTABLE_FOLDER_PATH)/Macro02";
			};
			name = Debug;
		};
		B8F8DD2C2C8B8EB600D24769 /* Release */ = {
			isa = XCBuildConfiguration;
			buildSettings = {
				BUNDLE_LOADER = "$(TEST_HOST)";
				CODE_SIGN_STYLE = Automatic;
				CURRENT_PROJECT_VERSION = 1;
				DEVELOPMENT_TEAM = 2GNPFRN684;
				GENERATE_INFOPLIST_FILE = YES;
				IPHONEOS_DEPLOYMENT_TARGET = 16.6;
				MARKETING_VERSION = 1.0;
				PRODUCT_BUNDLE_IDENTIFIER = br.com.gabusiness.peregrinusTests;
				PRODUCT_NAME = "$(TARGET_NAME)";
				SUPPORTED_PLATFORMS = "iphoneos iphonesimulator";
				SUPPORTS_MACCATALYST = NO;
				SUPPORTS_MAC_DESIGNED_FOR_IPHONE_IPAD = NO;
				SUPPORTS_XR_DESIGNED_FOR_IPHONE_IPAD = NO;
				SWIFT_EMIT_LOC_STRINGS = NO;
				SWIFT_VERSION = 5.0;
				TARGETED_DEVICE_FAMILY = 1;
				TEST_HOST = "$(BUILT_PRODUCTS_DIR)/Macro02.app/$(BUNDLE_EXECUTABLE_FOLDER_PATH)/Macro02";
			};
			name = Release;
		};
		B8F8DD2E2C8B8EB600D24769 /* Debug */ = {
			isa = XCBuildConfiguration;
			buildSettings = {
				CODE_SIGN_STYLE = Automatic;
				CURRENT_PROJECT_VERSION = 1;
				DEVELOPMENT_TEAM = 2GNPFRN684;
				GENERATE_INFOPLIST_FILE = YES;
				MARKETING_VERSION = 1.0;
				PRODUCT_BUNDLE_IDENTIFIER = br.com.gabusiness.peregrinusUITests;
				PRODUCT_NAME = "$(TARGET_NAME)";
				SUPPORTED_PLATFORMS = "iphoneos iphonesimulator";
				SUPPORTS_MACCATALYST = NO;
				SUPPORTS_MAC_DESIGNED_FOR_IPHONE_IPAD = NO;
				SUPPORTS_XR_DESIGNED_FOR_IPHONE_IPAD = NO;
				SWIFT_EMIT_LOC_STRINGS = NO;
				SWIFT_VERSION = 5.0;
				TARGETED_DEVICE_FAMILY = 1;
				TEST_TARGET_NAME = Macro02;
			};
			name = Debug;
		};
		B8F8DD2F2C8B8EB600D24769 /* Release */ = {
			isa = XCBuildConfiguration;
			buildSettings = {
				CODE_SIGN_STYLE = Automatic;
				CURRENT_PROJECT_VERSION = 1;
				DEVELOPMENT_TEAM = 2GNPFRN684;
				GENERATE_INFOPLIST_FILE = YES;
				MARKETING_VERSION = 1.0;
				PRODUCT_BUNDLE_IDENTIFIER = br.com.gabusiness.peregrinusUITests;
				PRODUCT_NAME = "$(TARGET_NAME)";
				SUPPORTED_PLATFORMS = "iphoneos iphonesimulator";
				SUPPORTS_MACCATALYST = NO;
				SUPPORTS_MAC_DESIGNED_FOR_IPHONE_IPAD = NO;
				SUPPORTS_XR_DESIGNED_FOR_IPHONE_IPAD = NO;
				SWIFT_EMIT_LOC_STRINGS = NO;
				SWIFT_VERSION = 5.0;
				TARGETED_DEVICE_FAMILY = 1;
				TEST_TARGET_NAME = Macro02;
			};
			name = Release;
		};
/* End XCBuildConfiguration section */

/* Begin XCConfigurationList section */
		B8F8DCF82C8B8EB500D24769 /* Build configuration list for PBXProject "Macro02" */ = {
			isa = XCConfigurationList;
			buildConfigurations = (
				B8F8DD252C8B8EB600D24769 /* Debug */,
				B8F8DD262C8B8EB600D24769 /* Release */,
			);
			defaultConfigurationIsVisible = 0;
			defaultConfigurationName = Release;
		};
		B8F8DD272C8B8EB600D24769 /* Build configuration list for PBXNativeTarget "Macro02" */ = {
			isa = XCConfigurationList;
			buildConfigurations = (
				B8F8DD282C8B8EB600D24769 /* Debug */,
				B8F8DD292C8B8EB600D24769 /* Release */,
			);
			defaultConfigurationIsVisible = 0;
			defaultConfigurationName = Release;
		};
		B8F8DD2A2C8B8EB600D24769 /* Build configuration list for PBXNativeTarget "Macro02Tests" */ = {
			isa = XCConfigurationList;
			buildConfigurations = (
				B8F8DD2B2C8B8EB600D24769 /* Debug */,
				B8F8DD2C2C8B8EB600D24769 /* Release */,
			);
			defaultConfigurationIsVisible = 0;
			defaultConfigurationName = Release;
		};
		B8F8DD2D2C8B8EB600D24769 /* Build configuration list for PBXNativeTarget "Macro02UITests" */ = {
			isa = XCConfigurationList;
			buildConfigurations = (
				B8F8DD2E2C8B8EB600D24769 /* Debug */,
				B8F8DD2F2C8B8EB600D24769 /* Release */,
			);
			defaultConfigurationIsVisible = 0;
			defaultConfigurationName = Release;
		};
/* End XCConfigurationList section */

/* Begin XCVersionGroup section */
		B8783F8E2C99F63A00661148 /* DataModel.xcdatamodeld */ = {
			isa = XCVersionGroup;
			children = (
				B8783F8F2C99F63A00661148 /* DataModel.xcdatamodel */,
			);
			currentVersion = B8783F8F2C99F63A00661148 /* DataModel.xcdatamodel */;
			path = DataModel.xcdatamodeld;
			sourceTree = "<group>";
			versionGroupType = wrapper.xcdatamodel;
		};
/* End XCVersionGroup section */
	};
	rootObject = B8F8DCF52C8B8EB500D24769 /* Project object */;
}
